
Microsoft Visual Studio Solution File, Format Version 12.00
# Visual Studio Version 17
VisualStudioVersion = 17.4.33213.308
MinimumVisualStudioVersion = 10.0.40219.1
Project("{9A19103F-16F7-4668-BE54-9A1E7A4F7556}") = "DB management", "DB management\DB management.csproj", "{2DAEA806-BFCD-4D00-AEB7-9641A5FDAD59}"
EndProject
Project("{9A19103F-16F7-4668-BE54-9A1E7A4F7556}") = "classReservations", "classReservations\classReservations.csproj", "{B0B006EF-1277-415A-B165-A9CD813ABC80}"
EndProject
Project("{9A19103F-16F7-4668-BE54-9A1E7A4F7556}") = "testReservation", "testReservation\testReservation.csproj", "{9A6DAE1C-FE1C-46A3-AD52-D3BAB1D698B3}"
EndProject
Project("{FAE04EC0-301F-11D3-BF4B-00C04F79EFBC}") = "WindowsFormsApp1", "WindowsFormsApp1\WindowsFormsApp1.csproj", "{F15CA72E-715A-4765-8566-913F456DB4DF}"
EndProject
Project("{FAE04EC0-301F-11D3-BF4B-00C04F79EFBC}") = "ReservationsManager", "ReservationsManager\ReservationsManager.csproj", "{9F7B3A1B-B6E2-4B12-A917-1B1FA4E5ECD5}"
EndProject
Global
	GlobalSection(SolutionConfigurationPlatforms) = preSolution
		Debug|Any CPU = Debug|Any CPU
		Release|Any CPU = Release|Any CPU
	EndGlobalSection
	GlobalSection(ProjectConfigurationPlatforms) = postSolution
		{2DAEA806-BFCD-4D00-AEB7-9641A5FDAD59}.Debug|Any CPU.ActiveCfg = Debug|Any CPU
		{2DAEA806-BFCD-4D00-AEB7-9641A5FDAD59}.Debug|Any CPU.Build.0 = Debug|Any CPU
		{2DAEA806-BFCD-4D00-AEB7-9641A5FDAD59}.Release|Any CPU.ActiveCfg = Release|Any CPU
		{2DAEA806-BFCD-4D00-AEB7-9641A5FDAD59}.Release|Any CPU.Build.0 = Release|Any CPU
		{B0B006EF-1277-415A-B165-A9CD813ABC80}.Debug|Any CPU.ActiveCfg = Debug|Any CPU
		{B0B006EF-1277-415A-B165-A9CD813ABC80}.Debug|Any CPU.Build.0 = Debug|Any CPU
		{B0B006EF-1277-415A-B165-A9CD813ABC80}.Release|Any CPU.ActiveCfg = Release|Any CPU
		{B0B006EF-1277-415A-B165-A9CD813ABC80}.Release|Any CPU.Build.0 = Release|Any CPU
		{9A6DAE1C-FE1C-46A3-AD52-D3BAB1D698B3}.Debug|Any CPU.ActiveCfg = Debug|Any CPU
		{9A6DAE1C-FE1C-46A3-AD52-D3BAB1D698B3}.Debug|Any CPU.Build.0 = Debug|Any CPU
		{9A6DAE1C-FE1C-46A3-AD52-D3BAB1D698B3}.Release|Any CPU.ActiveCfg = Release|Any CPU
		{9A6DAE1C-FE1C-46A3-AD52-D3BAB1D698B3}.Release|Any CPU.Build.0 = Release|Any CPU
		{F15CA72E-715A-4765-8566-913F456DB4DF}.Debug|Any CPU.ActiveCfg = Debug|Any CPU
		{F15CA72E-715A-4765-8566-913F456DB4DF}.Debug|Any CPU.Build.0 = Debug|Any CPU
		{F15CA72E-715A-4765-8566-913F456DB4DF}.Release|Any CPU.ActiveCfg = Release|Any CPU
		{F15CA72E-715A-4765-8566-913F456DB4DF}.Release|Any CPU.Build.0 = Release|Any CPU
		{9F7B3A1B-B6E2-4B12-A917-1B1FA4E5ECD5}.Debug|Any CPU.ActiveCfg = Debug|Any CPU
		{9F7B3A1B-B6E2-4B12-A917-1B1FA4E5ECD5}.Debug|Any CPU.Build.0 = Debug|Any CPU
		{9F7B3A1B-B6E2-4B12-A917-1B1FA4E5ECD5}.Release|Any CPU.ActiveCfg = Release|Any CPU
		{9F7B3A1B-B6E2-4B12-A917-1B1FA4E5ECD5}.Release|Any CPU.Build.0 = Release|Any CPU
	EndGlobalSection
	GlobalSection(SolutionProperties) = preSolution
		HideSolutionNode = FALSE
	EndGlobalSection
	GlobalSection(ExtensibilityGlobals) = postSolution
		SolutionGuid = {AD466C18-94F1-47C0-9C02-4ECADC0E146B}
	EndGlobalSection
EndGlobal
